
Microsoft Visual Studio Solution File, Format Version 12.00
# Visual Studio Version 17
VisualStudioVersion = 17.0.31919.166
MinimumVisualStudioVersion = 10.0.40219.1
Project("{FAE04EC0-301F-11D3-BF4B-00C04F79EFBC}") = "NimoTV Bot", "NimoTV Bot\NimoTV Bot.csproj", "{FB7240BE-49F3-4B33-A0D5-6A2656BC7180}"
EndProject
Global
	GlobalSection(SolutionConfigurationPlatforms) = preSolution
		Debug|Any CPU = Debug|Any CPU
		Release|Any CPU = Release|Any CPU
	EndGlobalSection
	GlobalSection(ProjectConfigurationPlatforms) = postSolution
		{FB7240BE-49F3-4B33-A0D5-6A2656BC7180}.Debug|Any CPU.ActiveCfg = Debug|Any CPU
		{FB7240BE-49F3-4B33-A0D5-6A2656BC7180}.Debug|Any CPU.Build.0 = Debug|Any CPU
		{FB7240BE-49F3-4B33-A0D5-6A2656BC7180}.Release|Any CPU.ActiveCfg = Release|Any CPU
		{FB7240BE-49F3-4B33-A0D5-6A2656BC7180}.Release|Any CPU.Build.0 = Release|Any CPU
	EndGlobalSection
	GlobalSection(SolutionProperties) = preSolution
		HideSolutionNode = FALSE
	EndGlobalSection
	GlobalSection(ExtensibilityGlobals) = postSolution
		SolutionGuid = {CB9F3EDD-1915-426A-93CB-70D819032A94}
	EndGlobalSection
EndGlobal
